
Microsoft Visual Studio Solution File, Format Version 12.00
# Visual Studio Version 17
VisualStudioVersion = 17.11.35222.181
MinimumVisualStudioVersion = 10.0.40219.1
Project("{2150E333-8FDC-42A3-9474-1A3956D46DE8}") = "Services", "Services", "{06C675D9-32FC-4F71-BA80-34F92874CC7A}"
EndProject
Project("{2150E333-8FDC-42A3-9474-1A3956D46DE8}") = "LicenseDelivery", "LicenseDelivery", "{91D1617B-42D6-4C66-A2F4-86D45A10E195}"
EndProject
Project("{9A19103F-16F7-4668-BE54-9A1E7A4F7556}") = "LicenseDelivery.API", "Services\LicenseDelivery\LicenseDelivery.API\LicenseDelivery.API.csproj", "{E24233A3-DEAC-4762-8590-843DA8AEE3BD}"
EndProject
Project("{2150E333-8FDC-42A3-9474-1A3956D46DE8}") = "BuildingBlocks", "BuildingBlocks", "{BD805DF3-17EB-4A35-A3D7-62E509F977B8}"
EndProject
Project("{9A19103F-16F7-4668-BE54-9A1E7A4F7556}") = "BuildingBlocks", "BuildingBlocks\BuildingBlocks.csproj", "{37C87633-481A-49F9-B7C7-7BAE948BC264}"
EndProject
Project("{E53339B2-1760-4266-BCC7-CA923CBCF16C}") = "docker-compose", "docker-compose.dcproj", "{C16FA8B2-DB9C-4141-AF24-5C95C4072A2C}"
EndProject
Global
	GlobalSection(SolutionConfigurationPlatforms) = preSolution
		Debug|Any CPU = Debug|Any CPU
		Release|Any CPU = Release|Any CPU
	EndGlobalSection
	GlobalSection(ProjectConfigurationPlatforms) = postSolution
		{E24233A3-DEAC-4762-8590-843DA8AEE3BD}.Debug|Any CPU.ActiveCfg = Debug|Any CPU
		{E24233A3-DEAC-4762-8590-843DA8AEE3BD}.Debug|Any CPU.Build.0 = Debug|Any CPU
		{E24233A3-DEAC-4762-8590-843DA8AEE3BD}.Release|Any CPU.ActiveCfg = Release|Any CPU
		{E24233A3-DEAC-4762-8590-843DA8AEE3BD}.Release|Any CPU.Build.0 = Release|Any CPU
		{37C87633-481A-49F9-B7C7-7BAE948BC264}.Debug|Any CPU.ActiveCfg = Debug|Any CPU
		{37C87633-481A-49F9-B7C7-7BAE948BC264}.Debug|Any CPU.Build.0 = Debug|Any CPU
		{37C87633-481A-49F9-B7C7-7BAE948BC264}.Release|Any CPU.ActiveCfg = Release|Any CPU
		{37C87633-481A-49F9-B7C7-7BAE948BC264}.Release|Any CPU.Build.0 = Release|Any CPU
		{C16FA8B2-DB9C-4141-AF24-5C95C4072A2C}.Debug|Any CPU.ActiveCfg = Debug|Any CPU
		{C16FA8B2-DB9C-4141-AF24-5C95C4072A2C}.Debug|Any CPU.Build.0 = Debug|Any CPU
		{C16FA8B2-DB9C-4141-AF24-5C95C4072A2C}.Release|Any CPU.ActiveCfg = Release|Any CPU
		{C16FA8B2-DB9C-4141-AF24-5C95C4072A2C}.Release|Any CPU.Build.0 = Release|Any CPU
	EndGlobalSection
	GlobalSection(SolutionProperties) = preSolution
		HideSolutionNode = FALSE
	EndGlobalSection
	GlobalSection(NestedProjects) = preSolution
		{91D1617B-42D6-4C66-A2F4-86D45A10E195} = {06C675D9-32FC-4F71-BA80-34F92874CC7A}
		{E24233A3-DEAC-4762-8590-843DA8AEE3BD} = {91D1617B-42D6-4C66-A2F4-86D45A10E195}
		{37C87633-481A-49F9-B7C7-7BAE948BC264} = {BD805DF3-17EB-4A35-A3D7-62E509F977B8}
	EndGlobalSection
	GlobalSection(ExtensibilityGlobals) = postSolution
		SolutionGuid = {6E84C6CB-D26A-4633-915B-50D80D44A2D9}
	EndGlobalSection
EndGlobal
